
Microsoft Visual Studio Solution File, Format Version 12.00
# Visual Studio Version 17
VisualStudioVersion = 17.13.35818.85
MinimumVisualStudioVersion = 10.0.40219.1
Project("{8BC9CEB8-8B4A-11D0-8D11-00A0C91BC942}") = "Sandbox", "Sandbox\Sandbox.vcxproj", "{C7A787E9-F00A-4BD0-98AD-5D9A6CC65895}"
EndProject
Project("{8BC9CEB8-8B4A-11D0-8D11-00A0C91BC942}") = "GameEngine", "GameEngine\GameEngine.vcxproj", "{1FB75605-A30B-4EED-B640-2419277A07A5}"
EndProject
Global
	GlobalSection(SolutionConfigurationPlatforms) = preSolution
		Debug|x64 = Debug|x64
		Release|x64 = Release|x64
	EndGlobalSection
	GlobalSection(ProjectConfigurationPlatforms) = postSolution
		{1FB75605-A30B-4EED-B640-2419277A07A5}.Debug|x64.ActiveCfg = Debug|x64
		{1FB75605-A30B-4EED-B640-2419277A07A5}.Debug|x64.Build.0 = Debug|x64
		{1FB75605-A30B-4EED-B640-2419277A07A5}.Release|x64.ActiveCfg = Release|x64
		{1FB75605-A30B-4EED-B640-2419277A07A5}.Release|x64.Build.0 = Release|x64
		{C7A787E9-F00A-4BD0-98AD-5D9A6CC65895}.Debug|x64.ActiveCfg = Debug|x64
		{C7A787E9-F00A-4BD0-98AD-5D9A6CC65895}.Debug|x64.Build.0 = Debug|x64
		{C7A787E9-F00A-4BD0-98AD-5D9A6CC65895}.Release|x64.ActiveCfg = Release|x64
		{C7A787E9-F00A-4BD0-98AD-5D9A6CC65895}.Release|x64.Build.0 = Release|x64
	EndGlobalSection
	GlobalSection(SolutionProperties) = preSolution
		HideSolutionNode = FALSE
	EndGlobalSection
	GlobalSection(ExtensibilityGlobals) = postSolution
		SolutionGuid = {0D7D94EF-74B8-42DC-BEDC-21BE2BD16566}
	EndGlobalSection
EndGlobal
